
Microsoft Visual Studio Solution File, Format Version 12.00
# Visual Studio 15
VisualStudioVersion = 15.0.28307.271
MinimumVisualStudioVersion = 10.0.40219.1
Project("{FAE04EC0-301F-11D3-BF4B-00C04F79EFBC}") = "Lab3", "Lab3\Lab3.csproj", "{898C0AF8-8263-4B43-A70E-65DBF99150A6}"
EndProject
Global
	GlobalSection(SolutionConfigurationPlatforms) = preSolution
		Debug|Any CPU = Debug|Any CPU
		Release|Any CPU = Release|Any CPU
	EndGlobalSection
	GlobalSection(ProjectConfigurationPlatforms) = postSolution
		{898C0AF8-8263-4B43-A70E-65DBF99150A6}.Debug|Any CPU.ActiveCfg = Debug|Any CPU
		{898C0AF8-8263-4B43-A70E-65DBF99150A6}.Debug|Any CPU.Build.0 = Debug|Any CPU
		{898C0AF8-8263-4B43-A70E-65DBF99150A6}.Release|Any CPU.ActiveCfg = Release|Any CPU
		{898C0AF8-8263-4B43-A70E-65DBF99150A6}.Release|Any CPU.Build.0 = Release|Any CPU
	EndGlobalSection
	GlobalSection(SolutionProperties) = preSolution
		HideSolutionNode = FALSE
	EndGlobalSection
	GlobalSection(ExtensibilityGlobals) = postSolution
		SolutionGuid = {AB6094CA-BE27-4936-8AB4-5AB65D49290D}
	EndGlobalSection
EndGlobal
